
Microsoft Visual Studio Solution File, Format Version 12.00
# Visual Studio Version 16
VisualStudioVersion = 16.0.29424.173
MinimumVisualStudioVersion = 10.0.40219.1
Project("{FAE04EC0-301F-11D3-BF4B-00C04F79EFBC}") = "TrabalhoPoo", "TrabalhoPoo\TrabalhoPoo.csproj", "{38F79736-08BA-4697-BF7B-0BF2E210D22D}"
EndProject
Global
	GlobalSection(SolutionConfigurationPlatforms) = preSolution
		Debug|Any CPU = Debug|Any CPU
		Release|Any CPU = Release|Any CPU
	EndGlobalSection
	GlobalSection(ProjectConfigurationPlatforms) = postSolution
		{38F79736-08BA-4697-BF7B-0BF2E210D22D}.Debug|Any CPU.ActiveCfg = Debug|Any CPU
		{38F79736-08BA-4697-BF7B-0BF2E210D22D}.Debug|Any CPU.Build.0 = Debug|Any CPU
		{38F79736-08BA-4697-BF7B-0BF2E210D22D}.Release|Any CPU.ActiveCfg = Release|Any CPU
		{38F79736-08BA-4697-BF7B-0BF2E210D22D}.Release|Any CPU.Build.0 = Release|Any CPU
	EndGlobalSection
	GlobalSection(SolutionProperties) = preSolution
		HideSolutionNode = FALSE
	EndGlobalSection
	GlobalSection(ExtensibilityGlobals) = postSolution
		SolutionGuid = {012D4B38-3C93-43D3-889C-07D48FEAF755}
	EndGlobalSection
EndGlobal
